
Microsoft Visual Studio Solution File, Format Version 12.00
# Visual Studio Version 17
VisualStudioVersion = 17.9.34723.18
MinimumVisualStudioVersion = 10.0.40219.1
Project("{FAE04EC0-301F-11D3-BF4B-00C04F79EFBC}") = "AccessCardValidator", "AccessCardValidator\AccessCardValidator.csproj", "{DCFF07D8-2038-4D3F-8C42-392566E11036}"
EndProject
Global
	GlobalSection(SolutionConfigurationPlatforms) = preSolution
		Debug|Any CPU = Debug|Any CPU
		Release|Any CPU = Release|Any CPU
	EndGlobalSection
	GlobalSection(ProjectConfigurationPlatforms) = postSolution
		{DCFF07D8-2038-4D3F-8C42-392566E11036}.Debug|Any CPU.ActiveCfg = Debug|Any CPU
		{DCFF07D8-2038-4D3F-8C42-392566E11036}.Debug|Any CPU.Build.0 = Debug|Any CPU
		{DCFF07D8-2038-4D3F-8C42-392566E11036}.Release|Any CPU.ActiveCfg = Release|Any CPU
		{DCFF07D8-2038-4D3F-8C42-392566E11036}.Release|Any CPU.Build.0 = Release|Any CPU
	EndGlobalSection
	GlobalSection(SolutionProperties) = preSolution
		HideSolutionNode = FALSE
	EndGlobalSection
	GlobalSection(ExtensibilityGlobals) = postSolution
		SolutionGuid = {723582CC-AC47-46B1-85DE-997A10CDBE35}
	EndGlobalSection
EndGlobal
