
Microsoft Visual Studio Solution File, Format Version 12.00
# Visual Studio Version 17
VisualStudioVersion = 17.9.34723.18
MinimumVisualStudioVersion = 10.0.40219.1
Project("{FAE04EC0-301F-11D3-BF4B-00C04F79EFBC}") = "ClinicAPI", "ClinicAPI\ClinicAPI.csproj", "{A1E9CBA4-4660-4A9B-AF19-D90AE2CB1ED3}"
EndProject
Global
	GlobalSection(SolutionConfigurationPlatforms) = preSolution
		Debug|Any CPU = Debug|Any CPU
		Release|Any CPU = Release|Any CPU
	EndGlobalSection
	GlobalSection(ProjectConfigurationPlatforms) = postSolution
		{A1E9CBA4-4660-4A9B-AF19-D90AE2CB1ED3}.Debug|Any CPU.ActiveCfg = Debug|Any CPU
		{A1E9CBA4-4660-4A9B-AF19-D90AE2CB1ED3}.Debug|Any CPU.Build.0 = Debug|Any CPU
		{A1E9CBA4-4660-4A9B-AF19-D90AE2CB1ED3}.Release|Any CPU.ActiveCfg = Release|Any CPU
		{A1E9CBA4-4660-4A9B-AF19-D90AE2CB1ED3}.Release|Any CPU.Build.0 = Release|Any CPU
	EndGlobalSection
	GlobalSection(SolutionProperties) = preSolution
		HideSolutionNode = FALSE
	EndGlobalSection
	GlobalSection(ExtensibilityGlobals) = postSolution
		SolutionGuid = {AA196903-17C8-4EBC-969F-66E2266884F3}
	EndGlobalSection
EndGlobal
