
Microsoft Visual Studio Solution File, Format Version 12.00
# Visual Studio Version 17
VisualStudioVersion = 17.9.34723.18
MinimumVisualStudioVersion = 10.0.40219.1
Project("{FAE04EC0-301F-11D3-BF4B-00C04F79EFBC}") = "PracticingConcepts", "PracticingConcepts\PracticingConcepts.csproj", "{4ECF29ED-2902-4269-BFBF-93D9E5BA8257}"
EndProject
Global
	GlobalSection(SolutionConfigurationPlatforms) = preSolution
		Debug|Any CPU = Debug|Any CPU
		Release|Any CPU = Release|Any CPU
	EndGlobalSection
	GlobalSection(ProjectConfigurationPlatforms) = postSolution
		{4ECF29ED-2902-4269-BFBF-93D9E5BA8257}.Debug|Any CPU.ActiveCfg = Debug|Any CPU
		{4ECF29ED-2902-4269-BFBF-93D9E5BA8257}.Debug|Any CPU.Build.0 = Debug|Any CPU
		{4ECF29ED-2902-4269-BFBF-93D9E5BA8257}.Release|Any CPU.ActiveCfg = Release|Any CPU
		{4ECF29ED-2902-4269-BFBF-93D9E5BA8257}.Release|Any CPU.Build.0 = Release|Any CPU
	EndGlobalSection
	GlobalSection(SolutionProperties) = preSolution
		HideSolutionNode = FALSE
	EndGlobalSection
	GlobalSection(ExtensibilityGlobals) = postSolution
		SolutionGuid = {3DC2D4A3-0C08-4C7A-B753-A94142CCE63B}
	EndGlobalSection
EndGlobal
