
Microsoft Visual Studio Solution File, Format Version 12.00
# Visual Studio Version 17
VisualStudioVersion = 17.9.34723.18
MinimumVisualStudioVersion = 10.0.40219.1
Project("{FAE04EC0-301F-11D3-BF4B-00C04F79EFBC}") = "Excel_Sheet_Column_Title", "LeetcodeQues\Excel_Sheet_Column_Title.csproj", "{8AE14187-2D17-4337-8D13-C951D9EAE37C}"
EndProject
Global
	GlobalSection(SolutionConfigurationPlatforms) = preSolution
		Debug|Any CPU = Debug|Any CPU
		Release|Any CPU = Release|Any CPU
	EndGlobalSection
	GlobalSection(ProjectConfigurationPlatforms) = postSolution
		{8AE14187-2D17-4337-8D13-C951D9EAE37C}.Debug|Any CPU.ActiveCfg = Debug|Any CPU
		{8AE14187-2D17-4337-8D13-C951D9EAE37C}.Debug|Any CPU.Build.0 = Debug|Any CPU
		{8AE14187-2D17-4337-8D13-C951D9EAE37C}.Release|Any CPU.ActiveCfg = Release|Any CPU
		{8AE14187-2D17-4337-8D13-C951D9EAE37C}.Release|Any CPU.Build.0 = Release|Any CPU
	EndGlobalSection
	GlobalSection(SolutionProperties) = preSolution
		HideSolutionNode = FALSE
	EndGlobalSection
	GlobalSection(ExtensibilityGlobals) = postSolution
		SolutionGuid = {6FF10703-3B16-4BC8-A249-FF9A57A0F099}
	EndGlobalSection
EndGlobal
