
Microsoft Visual Studio Solution File, Format Version 12.00
# Visual Studio Version 17
VisualStudioVersion = 17.9.34723.18
MinimumVisualStudioVersion = 10.0.40219.1
Project("{FAE04EC0-301F-11D3-BF4B-00C04F79EFBC}") = "RequestTrackerApplication", "RequestTrackerApplication\RequestTrackerApplication.csproj", "{3EE8D3D5-27E8-45F2-BE39-C1A35B656F3B}"
EndProject
Project("{FAE04EC0-301F-11D3-BF4B-00C04F79EFBC}") = "RequestTrackerModelLibrary", "RequestTrackerModelLibrary\RequestTrackerModelLibrary.csproj", "{B9090D9B-A323-4FBA-9E18-26F316EEE8A4}"
EndProject
Global
	GlobalSection(SolutionConfigurationPlatforms) = preSolution
		Debug|Any CPU = Debug|Any CPU
		Release|Any CPU = Release|Any CPU
	EndGlobalSection
	GlobalSection(ProjectConfigurationPlatforms) = postSolution
		{3EE8D3D5-27E8-45F2-BE39-C1A35B656F3B}.Debug|Any CPU.ActiveCfg = Debug|Any CPU
		{3EE8D3D5-27E8-45F2-BE39-C1A35B656F3B}.Debug|Any CPU.Build.0 = Debug|Any CPU
		{3EE8D3D5-27E8-45F2-BE39-C1A35B656F3B}.Release|Any CPU.ActiveCfg = Release|Any CPU
		{3EE8D3D5-27E8-45F2-BE39-C1A35B656F3B}.Release|Any CPU.Build.0 = Release|Any CPU
		{B9090D9B-A323-4FBA-9E18-26F316EEE8A4}.Debug|Any CPU.ActiveCfg = Debug|Any CPU
		{B9090D9B-A323-4FBA-9E18-26F316EEE8A4}.Debug|Any CPU.Build.0 = Debug|Any CPU
		{B9090D9B-A323-4FBA-9E18-26F316EEE8A4}.Release|Any CPU.ActiveCfg = Release|Any CPU
		{B9090D9B-A323-4FBA-9E18-26F316EEE8A4}.Release|Any CPU.Build.0 = Release|Any CPU
	EndGlobalSection
	GlobalSection(SolutionProperties) = preSolution
		HideSolutionNode = FALSE
	EndGlobalSection
	GlobalSection(ExtensibilityGlobals) = postSolution
		SolutionGuid = {663C2B9D-341C-4EA9-9D0C-CB2DBC1B9263}
	EndGlobalSection
EndGlobal
